
Microsoft Visual Studio Solution File, Format Version 12.00
# Visual Studio Version 17
VisualStudioVersion = 17.4.33205.214
MinimumVisualStudioVersion = 10.0.40219.1
Project("{FAE04EC0-301F-11D3-BF4B-00C04F79EFBC}") = "Idade Mais Velho", "Idade Mais Velho.csproj", "{86DFA3BB-BF0D-4D64-BDAB-AC1060C96733}"
EndProject
Global
	GlobalSection(SolutionConfigurationPlatforms) = preSolution
		Debug|Any CPU = Debug|Any CPU
		Release|Any CPU = Release|Any CPU
	EndGlobalSection
	GlobalSection(ProjectConfigurationPlatforms) = postSolution
		{86DFA3BB-BF0D-4D64-BDAB-AC1060C96733}.Debug|Any CPU.ActiveCfg = Debug|Any CPU
		{86DFA3BB-BF0D-4D64-BDAB-AC1060C96733}.Debug|Any CPU.Build.0 = Debug|Any CPU
		{86DFA3BB-BF0D-4D64-BDAB-AC1060C96733}.Release|Any CPU.ActiveCfg = Release|Any CPU
		{86DFA3BB-BF0D-4D64-BDAB-AC1060C96733}.Release|Any CPU.Build.0 = Release|Any CPU
	EndGlobalSection
	GlobalSection(SolutionProperties) = preSolution
		HideSolutionNode = FALSE
	EndGlobalSection
	GlobalSection(ExtensibilityGlobals) = postSolution
		SolutionGuid = {C93645F1-6526-4251-ACC8-1FDE6D352C73}
	EndGlobalSection
EndGlobal
